// !$*UTF8*$!
{
	archiveVersion = 1;
	classes = {
	};
	objectVersion = 56;
	objects = {

/* Begin PBXBuildFile section */
		A77EE6242BE8B089009E2D9A /* FirstProjectApp.swift in Sources */ = {isa = PBXBuildFile; fileRef = A77EE6232BE8B089009E2D9A /* FirstProjectApp.swift */; };
		A77EE6282BE8B08B009E2D9A /* Assets.xcassets in Resources */ = {isa = PBXBuildFile; fileRef = A77EE6272BE8B08B009E2D9A /* Assets.xcassets */; };
		A77EE62C2BE8B08B009E2D9A /* Preview Assets.xcassets in Resources */ = {isa = PBXBuildFile; fileRef = A77EE62B2BE8B08B009E2D9A /* Preview Assets.xcassets */; };
		A77EE6362BE8B08C009E2D9A /* FirstProjectTests.swift in Sources */ = {isa = PBXBuildFile; fileRef = A77EE6352BE8B08C009E2D9A /* FirstProjectTests.swift */; };
		A77EE6402BE8B08C009E2D9A /* FirstProjectUITests.swift in Sources */ = {isa = PBXBuildFile; fileRef = A77EE63F2BE8B08C009E2D9A /* FirstProjectUITests.swift */; };
		A77EE6422BE8B08C009E2D9A /* FirstProjectUITestsLaunchTests.swift in Sources */ = {isa = PBXBuildFile; fileRef = A77EE6412BE8B08C009E2D9A /* FirstProjectUITestsLaunchTests.swift */; };
		A7ABDABF2CE71A9100AF1E38 /* ForogotPasswordView.swift in Sources */ = {isa = PBXBuildFile; fileRef = A7ABDABE2CE71A9100AF1E38 /* ForogotPasswordView.swift */; };
		A7ABDAC32CE71DE000AF1E38 /* DashboardView.swift in Sources */ = {isa = PBXBuildFile; fileRef = A7ABDAC22CE71DE000AF1E38 /* DashboardView.swift */; };
		A7C17A522CE61E9F00D205D2 /* LoginView.swift in Sources */ = {isa = PBXBuildFile; fileRef = A7C17A512CE61E9F00D205D2 /* LoginView.swift */; };
/* End PBXBuildFile section */

/* Begin PBXContainerItemProxy section */
		A77EE6322BE8B08C009E2D9A /* PBXContainerItemProxy */ = {
			isa = PBXContainerItemProxy;
			containerPortal = A77EE6182BE8B089009E2D9A /* Project object */;
			proxyType = 1;
			remoteGlobalIDString = A77EE61F2BE8B089009E2D9A;
			remoteInfo = FirstProject;
		};
		A77EE63C2BE8B08C009E2D9A /* PBXContainerItemProxy */ = {
			isa = PBXContainerItemProxy;
			containerPortal = A77EE6182BE8B089009E2D9A /* Project object */;
			proxyType = 1;
			remoteGlobalIDString = A77EE61F2BE8B089009E2D9A;
			remoteInfo = FirstProject;
		};
/* End PBXContainerItemProxy section */

/* Begin PBXFileReference section */
		A77EE6202BE8B089009E2D9A /* FirstProject.app */ = {isa = PBXFileReference; explicitFileType = wrapper.application; includeInIndex = 0; path = FirstProject.app; sourceTree = BUILT_PRODUCTS_DIR; };
		A77EE6232BE8B089009E2D9A /* FirstProjectApp.swift */ = {isa = PBXFileReference; lastKnownFileType = sourcecode.swift; path = FirstProjectApp.swift; sourceTree = "<group>"; };
		A77EE6272BE8B08B009E2D9A /* Assets.xcassets */ = {isa = PBXFileReference; lastKnownFileType = folder.assetcatalog; path = Assets.xcassets; sourceTree = "<group>"; };
		A77EE6292BE8B08B009E2D9A /* FirstProject.entitlements */ = {isa = PBXFileReference; lastKnownFileType = text.plist.entitlements; path = FirstProject.entitlements; sourceTree = "<group>"; };
		A77EE62B2BE8B08B009E2D9A /* Preview Assets.xcassets */ = {isa = PBXFileReference; lastKnownFileType = folder.assetcatalog; path = "Preview Assets.xcassets"; sourceTree = "<group>"; };
		A77EE6312BE8B08C009E2D9A /* FirstProjectTests.xctest */ = {isa = PBXFileReference; explicitFileType = wrapper.cfbundle; includeInIndex = 0; path = FirstProjectTests.xctest; sourceTree = BUILT_PRODUCTS_DIR; };
		A77EE6352BE8B08C009E2D9A /* FirstProjectTests.swift */ = {isa = PBXFileReference; lastKnownFileType = sourcecode.swift; path = FirstProjectTests.swift; sourceTree = "<group>"; };
		A77EE63B2BE8B08C009E2D9A /* FirstProjectUITests.xctest */ = {isa = PBXFileReference; explicitFileType = wrapper.cfbundle; includeInIndex = 0; path = FirstProjectUITests.xctest; sourceTree = BUILT_PRODUCTS_DIR; };
		A77EE63F2BE8B08C009E2D9A /* FirstProjectUITests.swift */ = {isa = PBXFileReference; lastKnownFileType = sourcecode.swift; path = FirstProjectUITests.swift; sourceTree = "<group>"; };
		A77EE6412BE8B08C009E2D9A /* FirstProjectUITestsLaunchTests.swift */ = {isa = PBXFileReference; lastKnownFileType = sourcecode.swift; path = FirstProjectUITestsLaunchTests.swift; sourceTree = "<group>"; };
		A7ABDABE2CE71A9100AF1E38 /* ForogotPasswordView.swift */ = {isa = PBXFileReference; lastKnownFileType = sourcecode.swift; path = ForogotPasswordView.swift; sourceTree = "<group>"; };
		A7ABDAC22CE71DE000AF1E38 /* DashboardView.swift */ = {isa = PBXFileReference; lastKnownFileType = sourcecode.swift; path = DashboardView.swift; sourceTree = "<group>"; };
		A7C17A512CE61E9F00D205D2 /* LoginView.swift */ = {isa = PBXFileReference; lastKnownFileType = sourcecode.swift; path = LoginView.swift; sourceTree = "<group>"; };
/* End PBXFileReference section */

/* Begin PBXFrameworksBuildPhase section */
		A77EE61D2BE8B089009E2D9A /* Frameworks */ = {
			isa = PBXFrameworksBuildPhase;
			buildActionMask = 2147483647;
			files = (
			);
			runOnlyForDeploymentPostprocessing = 0;
		};
		A77EE62E2BE8B08C009E2D9A /* Frameworks */ = {
			isa = PBXFrameworksBuildPhase;
			buildActionMask = 2147483647;
			files = (
			);
			runOnlyForDeploymentPostprocessing = 0;
		};
		A77EE6382BE8B08C009E2D9A /* Frameworks */ = {
			isa = PBXFrameworksBuildPhase;
			buildActionMask = 2147483647;
			files = (
			);
			runOnlyForDeploymentPostprocessing = 0;
		};
/* End PBXFrameworksBuildPhase section */

/* Begin PBXGroup section */
		A77EE6172BE8B089009E2D9A = {
			isa = PBXGroup;
			children = (
				A77EE6222BE8B089009E2D9A /* FirstProject */,
				A77EE6342BE8B08C009E2D9A /* FirstProjectTests */,
				A77EE63E2BE8B08C009E2D9A /* FirstProjectUITests */,
				A77EE6212BE8B089009E2D9A /* Products */,
			);
			sourceTree = "<group>";
		};
		A77EE6212BE8B089009E2D9A /* Products */ = {
			isa = PBXGroup;
			children = (
				A77EE6202BE8B089009E2D9A /* FirstProject.app */,
				A77EE6312BE8B08C009E2D9A /* FirstProjectTests.xctest */,
				A77EE63B2BE8B08C009E2D9A /* FirstProjectUITests.xctest */,
			);
			name = Products;
			sourceTree = "<group>";
		};
		A77EE6222BE8B089009E2D9A /* FirstProject */ = {
			isa = PBXGroup;
			children = (
				A7C17A502CE61E0700D205D2 /* Login */,
				A77EE6232BE8B089009E2D9A /* FirstProjectApp.swift */,
				A77EE6272BE8B08B009E2D9A /* Assets.xcassets */,
				A77EE6292BE8B08B009E2D9A /* FirstProject.entitlements */,
				A77EE62A2BE8B08B009E2D9A /* Preview Content */,
			);
			path = FirstProject;
			sourceTree = "<group>";
		};
		A77EE62A2BE8B08B009E2D9A /* Preview Content */ = {
			isa = PBXGroup;
			children = (
				A77EE62B2BE8B08B009E2D9A /* Preview Assets.xcassets */,
			);
			path = "Preview Content";
			sourceTree = "<group>";
		};
		A77EE6342BE8B08C009E2D9A /* FirstProjectTests */ = {
			isa = PBXGroup;
			children = (
				A77EE6352BE8B08C009E2D9A /* FirstProjectTests.swift */,
			);
			path = FirstProjectTests;
			sourceTree = "<group>";
		};
		A77EE63E2BE8B08C009E2D9A /* FirstProjectUITests */ = {
			isa = PBXGroup;
			children = (
				A77EE63F2BE8B08C009E2D9A /* FirstProjectUITests.swift */,
				A77EE6412BE8B08C009E2D9A /* FirstProjectUITestsLaunchTests.swift */,
			);
			path = FirstProjectUITests;
			sourceTree = "<group>";
		};
		A7C17A502CE61E0700D205D2 /* Login */ = {
			isa = PBXGroup;
			children = (
				A7C17A512CE61E9F00D205D2 /* LoginView.swift */,
				A7ABDABE2CE71A9100AF1E38 /* ForogotPasswordView.swift */,
				A7ABDAC22CE71DE000AF1E38 /* DashboardView.swift */,
			);
			path = Login;
			sourceTree = "<group>";
		};
/* End PBXGroup section */

/* Begin PBXNativeTarget section */
		A77EE61F2BE8B089009E2D9A /* FirstProject */ = {
			isa = PBXNativeTarget;
			buildConfigurationList = A77EE6452BE8B08C009E2D9A /* Build configuration list for PBXNativeTarget "FirstProject" */;
			buildPhases = (
				A77EE61C2BE8B089009E2D9A /* Sources */,
				A77EE61D2BE8B089009E2D9A /* Frameworks */,
				A77EE61E2BE8B089009E2D9A /* Resources */,
			);
			buildRules = (
			);
			dependencies = (
			);
			name = FirstProject;
			productName = FirstProject;
			productReference = A77EE6202BE8B089009E2D9A /* FirstProject.app */;
			productType = "com.apple.product-type.application";
		};
		A77EE6302BE8B08C009E2D9A /* FirstProjectTests */ = {
			isa = PBXNativeTarget;
			buildConfigurationList = A77EE6482BE8B08C009E2D9A /* Build configuration list for PBXNativeTarget "FirstProjectTests" */;
			buildPhases = (
				A77EE62D2BE8B08C009E2D9A /* Sources */,
				A77EE62E2BE8B08C009E2D9A /* Frameworks */,
				A77EE62F2BE8B08C009E2D9A /* Resources */,
			);
			buildRules = (
			);
			dependencies = (
				A77EE6332BE8B08C009E2D9A /* PBXTargetDependency */,
			);
			name = FirstProjectTests;
			productName = FirstProjectTests;
			productReference = A77EE6312BE8B08C009E2D9A /* FirstProjectTests.xctest */;
			productType = "com.apple.product-type.bundle.unit-test";
		};
		A77EE63A2BE8B08C009E2D9A /* FirstProjectUITests */ = {
			isa = PBXNativeTarget;
			buildConfigurationList = A77EE64B2BE8B08C009E2D9A /* Build configuration list for PBXNativeTarget "FirstProjectUITests" */;
			buildPhases = (
				A77EE6372BE8B08C009E2D9A /* Sources */,
				A77EE6382BE8B08C009E2D9A /* Frameworks */,
				A77EE6392BE8B08C009E2D9A /* Resources */,
			);
			buildRules = (
			);
			dependencies = (
				A77EE63D2BE8B08C009E2D9A /* PBXTargetDependency */,
			);
			name = FirstProjectUITests;
			productName = FirstProjectUITests;
			productReference = A77EE63B2BE8B08C009E2D9A /* FirstProjectUITests.xctest */;
			productType = "com.apple.product-type.bundle.ui-testing";
		};
/* End PBXNativeTarget section */

/* Begin PBXProject section */
		A77EE6182BE8B089009E2D9A /* Project object */ = {
			isa = PBXProject;
			attributes = {
				BuildIndependentTargetsInParallel = 1;
				LastSwiftUpdateCheck = 1530;
				LastUpgradeCheck = 1530;
				TargetAttributes = {
					A77EE61F2BE8B089009E2D9A = {
						CreatedOnToolsVersion = 15.3;
					};
					A77EE6302BE8B08C009E2D9A = {
						CreatedOnToolsVersion = 15.3;
						TestTargetID = A77EE61F2BE8B089009E2D9A;
					};
					A77EE63A2BE8B08C009E2D9A = {
						CreatedOnToolsVersion = 15.3;
						TestTargetID = A77EE61F2BE8B089009E2D9A;
					};
				};
			};
			buildConfigurationList = A77EE61B2BE8B089009E2D9A /* Build configuration list for PBXProject "FirstProject" */;
			compatibilityVersion = "Xcode 14.0";
			developmentRegion = en;
			hasScannedForEncodings = 0;
			knownRegions = (
				en,
				Base,
			);
			mainGroup = A77EE6172BE8B089009E2D9A;
			productRefGroup = A77EE6212BE8B089009E2D9A /* Products */;
			projectDirPath = "";
			projectRoot = "";
			targets = (
				A77EE61F2BE8B089009E2D9A /* FirstProject */,
				A77EE6302BE8B08C009E2D9A /* FirstProjectTests */,
				A77EE63A2BE8B08C009E2D9A /* FirstProjectUITests */,
			);
		};
/* End PBXProject section */

/* Begin PBXResourcesBuildPhase section */
		A77EE61E2BE8B089009E2D9A /* Resources */ = {
			isa = PBXResourcesBuildPhase;
			buildActionMask = 2147483647;
			files = (
				A77EE62C2BE8B08B009E2D9A /* Preview Assets.xcassets in Resources */,
				A77EE6282BE8B08B009E2D9A /* Assets.xcassets in Resources */,
			);
			runOnlyForDeploymentPostprocessing = 0;
		};
		A77EE62F2BE8B08C009E2D9A /* Resources */ = {
			isa = PBXResourcesBuildPhase;
			buildActionMask = 2147483647;
			files = (
			);
			runOnlyForDeploymentPostprocessing = 0;
		};
		A77EE6392BE8B08C009E2D9A /* Resources */ = {
			isa = PBXResourcesBuildPhase;
			buildActionMask = 2147483647;
			files = (
			);
			runOnlyForDeploymentPostprocessing = 0;
		};
/* End PBXResourcesBuildPhase section */

/* Begin PBXSourcesBuildPhase section */
		A77EE61C2BE8B089009E2D9A /* Sources */ = {
			isa = PBXSourcesBuildPhase;
			buildActionMask = 2147483647;
			files = (
				A7C17A522CE61E9F00D205D2 /* LoginView.swift in Sources */,
				A7ABDAC32CE71DE000AF1E38 /* DashboardView.swift in Sources */,
				A7ABDABF2CE71A9100AF1E38 /* ForogotPasswordView.swift in Sources */,
				A77EE6242BE8B089009E2D9A /* FirstProjectApp.swift in Sources */,
			);
			runOnlyForDeploymentPostprocessing = 0;
		};
		A77EE62D2BE8B08C009E2D9A /* Sources */ = {
			isa = PBXSourcesBuildPhase;
			buildActionMask = 2147483647;
			files = (
				A77EE6362BE8B08C009E2D9A /* FirstProjectTests.swift in Sources */,
			);
			runOnlyForDeploymentPostprocessing = 0;
		};
		A77EE6372BE8B08C009E2D9A /* Sources */ = {
			isa = PBXSourcesBuildPhase;
			buildActionMask = 2147483647;
			files = (
				A77EE6402BE8B08C009E2D9A /* FirstProjectUITests.swift in Sources */,
				A77EE6422BE8B08C009E2D9A /* FirstProjectUITestsLaunchTests.swift in Sources */,
			);
			runOnlyForDeploymentPostprocessing = 0;
		};
/* End PBXSourcesBuildPhase section */

/* Begin PBXTargetDependency section */
		A77EE6332BE8B08C009E2D9A /* PBXTargetDependency */ = {
			isa = PBXTargetDependency;
			target = A77EE61F2BE8B089009E2D9A /* FirstProject */;
			targetProxy = A77EE6322BE8B08C009E2D9A /* PBXContainerItemProxy */;
		};
		A77EE63D2BE8B08C009E2D9A /* PBXTargetDependency */ = {
			isa = PBXTargetDependency;
			target = A77EE61F2BE8B089009E2D9A /* FirstProject */;
			targetProxy = A77EE63C2BE8B08C009E2D9A /* PBXContainerItemProxy */;
		};
/* End PBXTargetDependency section */

/* Begin XCBuildConfiguration section */
		A77EE6432BE8B08C009E2D9A /* Debug */ = {
			isa = XCBuildConfiguration;
			buildSettings = {
				ALWAYS_SEARCH_USER_PATHS = NO;
				ASSETCATALOG_COMPILER_GENERATE_SWIFT_ASSET_SYMBOL_EXTENSIONS = YES;
				CLANG_ANALYZER_NONNULL = YES;
				CLANG_ANALYZER_NUMBER_OBJECT_CONVERSION = YES_AGGRESSIVE;
				CLANG_CXX_LANGUAGE_STANDARD = "gnu++20";
				CLANG_ENABLE_MODULES = YES;
				CLANG_ENABLE_OBJC_ARC = YES;
				CLANG_ENABLE_OBJC_WEAK = YES;
				CLANG_WARN_BLOCK_CAPTURE_AUTORELEASING = YES;
				CLANG_WARN_BOOL_CONVERSION = YES;
				CLANG_WARN_COMMA = YES;
				CLANG_WARN_CONSTANT_CONVERSION = YES;
				CLANG_WARN_DEPRECATED_OBJC_IMPLEMENTATIONS = YES;
				CLANG_WARN_DIRECT_OBJC_ISA_USAGE = YES_ERROR;
				CLANG_WARN_DOCUMENTATION_COMMENTS = YES;
				CLANG_WARN_EMPTY_BODY = YES;
				CLANG_WARN_ENUM_CONVERSION = YES;
				CLANG_WARN_INFINITE_RECURSION = YES;
				CLANG_WARN_INT_CONVERSION = YES;
				CLANG_WARN_NON_LITERAL_NULL_CONVERSION = YES;
				CLANG_WARN_OBJC_IMPLICIT_RETAIN_SELF = YES;
				CLANG_WARN_OBJC_LITERAL_CONVERSION = YES;
				CLANG_WARN_OBJC_ROOT_CLASS = YES_ERROR;
				CLANG_WARN_QUOTED_INCLUDE_IN_FRAMEWORK_HEADER = YES;
				CLANG_WARN_RANGE_LOOP_ANALYSIS = YES;
				CLANG_WARN_STRICT_PROTOTYPES = YES;
				CLANG_WARN_SUSPICIOUS_MOVE = YES;
				CLANG_WARN_UNGUARDED_AVAILABILITY = YES_AGGRESSIVE;
				CLANG_WARN_UNREACHABLE_CODE = YES;
				CLANG_WARN__DUPLICATE_METHOD_MATCH = YES;
				COPY_PHASE_STRIP = NO;
				DEBUG_INFORMATION_FORMAT = dwarf;
				ENABLE_STRICT_OBJC_MSGSEND = YES;
				ENABLE_TESTABILITY = YES;
				ENABLE_USER_SCRIPT_SANDBOXING = YES;
				GCC_C_LANGUAGE_STANDARD = gnu17;
				GCC_DYNAMIC_NO_PIC = NO;
				GCC_NO_COMMON_BLOCKS = YES;
				GCC_OPTIMIZATION_LEVEL = 0;
				GCC_PREPROCESSOR_DEFINITIONS = (
					"DEBUG=1",
					"$(inherited)",
				);
				GCC_WARN_64_TO_32_BIT_CONVERSION = YES;
				GCC_WARN_ABOUT_RETURN_TYPE = YES_ERROR;
				GCC_WARN_UNDECLARED_SELECTOR = YES;
				GCC_WARN_UNINITIALIZED_AUTOS = YES_AGGRESSIVE;
				GCC_WARN_UNUSED_FUNCTION = YES;
				GCC_WARN_UNUSED_VARIABLE = YES;
				LOCALIZATION_PREFERS_STRING_CATALOGS = YES;
				MTL_ENABLE_DEBUG_INFO = INCLUDE_SOURCE;
				MTL_FAST_MATH = YES;
				ONLY_ACTIVE_ARCH = YES;
				SWIFT_ACTIVE_COMPILATION_CONDITIONS = "DEBUG $(inherited)";
				SWIFT_OPTIMIZATION_LEVEL = "-Onone";
			};
			name = Debug;
		};
		A77EE6442BE8B08C009E2D9A /* Release */ = {
			isa = XCBuildConfiguration;
			buildSettings = {
				ALWAYS_SEARCH_USER_PATHS = NO;
				ASSETCATALOG_COMPILER_GENERATE_SWIFT_ASSET_SYMBOL_EXTENSIONS = YES;
				CLANG_ANALYZER_NONNULL = YES;
				CLANG_ANALYZER_NUMBER_OBJECT_CONVERSION = YES_AGGRESSIVE;
				CLANG_CXX_LANGUAGE_STANDARD = "gnu++20";
				CLANG_ENABLE_MODULES = YES;
				CLANG_ENABLE_OBJC_ARC = YES;
				CLANG_ENABLE_OBJC_WEAK = YES;
				CLANG_WARN_BLOCK_CAPTURE_AUTORELEASING = YES;
				CLANG_WARN_BOOL_CONVERSION = YES;
				CLANG_WARN_COMMA = YES;
				CLANG_WARN_CONSTANT_CONVERSION = YES;
				CLANG_WARN_DEPRECATED_OBJC_IMPLEMENTATIONS = YES;
				CLANG_WARN_DIRECT_OBJC_ISA_USAGE = YES_ERROR;
				CLANG_WARN_DOCUMENTATION_COMMENTS = YES;
				CLANG_WARN_EMPTY_BODY = YES;
				CLANG_WARN_ENUM_CONVERSION = YES;
				CLANG_WARN_INFINITE_RECURSION = YES;
				CLANG_WARN_INT_CONVERSION = YES;
				CLANG_WARN_NON_LITERAL_NULL_CONVERSION = YES;
				CLANG_WARN_OBJC_IMPLICIT_RETAIN_SELF = YES;
				CLANG_WARN_OBJC_LITERAL_CONVERSION = YES;
				CLANG_WARN_OBJC_ROOT_CLASS = YES_ERROR;
				CLANG_WARN_QUOTED_INCLUDE_IN_FRAMEWORK_HEADER = YES;
				CLANG_WARN_RANGE_LOOP_ANALYSIS = YES;
				CLANG_WARN_STRICT_PROTOTYPES = YES;
				CLANG_WARN_SUSPICIOUS_MOVE = YES;
				CLANG_WARN_UNGUARDED_AVAILABILITY = YES_AGGRESSIVE;
				CLANG_WARN_UNREACHABLE_CODE = YES;
				CLANG_WARN__DUPLICATE_METHOD_MATCH = YES;
				COPY_PHASE_STRIP = NO;
				DEBUG_INFORMATION_FORMAT = "dwarf-with-dsym";
				ENABLE_NS_ASSERTIONS = NO;
				ENABLE_STRICT_OBJC_MSGSEND = YES;
				ENABLE_USER_SCRIPT_SANDBOXING = YES;
				GCC_C_LANGUAGE_STANDARD = gnu17;
				GCC_NO_COMMON_BLOCKS = YES;
				GCC_WARN_64_TO_32_BIT_CONVERSION = YES;
				GCC_WARN_ABOUT_RETURN_TYPE = YES_ERROR;
				GCC_WARN_UNDECLARED_SELECTOR = YES;
				GCC_WARN_UNINITIALIZED_AUTOS = YES_AGGRESSIVE;
				GCC_WARN_UNUSED_FUNCTION = YES;
				GCC_WARN_UNUSED_VARIABLE = YES;
				LOCALIZATION_PREFERS_STRING_CATALOGS = YES;
				MTL_ENABLE_DEBUG_INFO = NO;
				MTL_FAST_MATH = YES;
				SWIFT_COMPILATION_MODE = wholemodule;
			};
			name = Release;
		};
		A77EE6462BE8B08C009E2D9A /* Debug */ = {
			isa = XCBuildConfiguration;
			buildSettings = {
				ASSETCATALOG_COMPILER_APPICON_NAME = AppIcon;
				ASSETCATALOG_COMPILER_GLOBAL_ACCENT_COLOR_NAME = AccentColor;
				CODE_SIGN_ENTITLEMENTS = FirstProject/FirstProject.entitlements;
				CODE_SIGN_STYLE = Automatic;
				CURRENT_PROJECT_VERSION = 1;
				DEVELOPMENT_ASSET_PATHS = "\"FirstProject/Preview Content\"";
				DEVELOPMENT_TEAM = J7SRQB29P5;
				ENABLE_HARDENED_RUNTIME = YES;
				ENABLE_PREVIEWS = YES;
				GENERATE_INFOPLIST_FILE = YES;
				INFOPLIST_KEY_LSApplicationCategoryType = NSMicrophoneUsageDescription;
				INFOPLIST_KEY_NSMicrophoneUsageDescription = "This app needs access to microphone to convert text to speech.";
				INFOPLIST_KEY_NSSpeechRecognitionUsageDescription = "This app needs access to speech recognition to convert text to speech.";
				"INFOPLIST_KEY_UIApplicationSceneManifest_Generation[sdk=iphoneos*]" = YES;
				"INFOPLIST_KEY_UIApplicationSceneManifest_Generation[sdk=iphonesimulator*]" = YES;
				"INFOPLIST_KEY_UIApplicationSupportsIndirectInputEvents[sdk=iphoneos*]" = YES;
				"INFOPLIST_KEY_UIApplicationSupportsIndirectInputEvents[sdk=iphonesimulator*]" = YES;
				"INFOPLIST_KEY_UILaunchScreen_Generation[sdk=iphoneos*]" = YES;
				"INFOPLIST_KEY_UILaunchScreen_Generation[sdk=iphonesimulator*]" = YES;
				"INFOPLIST_KEY_UIStatusBarStyle[sdk=iphoneos*]" = UIStatusBarStyleDefault;
				"INFOPLIST_KEY_UIStatusBarStyle[sdk=iphonesimulator*]" = UIStatusBarStyleDefault;
				INFOPLIST_KEY_UISupportedInterfaceOrientations_iPad = "UIInterfaceOrientationPortrait UIInterfaceOrientationPortraitUpsideDown UIInterfaceOrientationLandscapeLeft UIInterfaceOrientationLandscapeRight";
				INFOPLIST_KEY_UISupportedInterfaceOrientations_iPhone = "UIInterfaceOrientationPortrait UIInterfaceOrientationLandscapeLeft UIInterfaceOrientationLandscapeRight";
				IPHONEOS_DEPLOYMENT_TARGET = 15.0;
				LD_RUNPATH_SEARCH_PATHS = "@executable_path/Frameworks";
				"LD_RUNPATH_SEARCH_PATHS[sdk=macosx*]" = "@executable_path/../Frameworks";
				MACOSX_DEPLOYMENT_TARGET = 14.4;
				MARKETING_VERSION = 1.0;
				PRODUCT_BUNDLE_IDENTIFIER = deepak.FirstProject;
				PRODUCT_NAME = "$(TARGET_NAME)";
				SDKROOT = auto;
				SUPPORTED_PLATFORMS = "iphoneos iphonesimulator macosx";
				SWIFT_EMIT_LOC_STRINGS = YES;
				SWIFT_VERSION = 5.0;
				TARGETED_DEVICE_FAMILY = "1,2";
			};
			name = Debug;
		};
		A77EE6472BE8B08C009E2D9A /* Release */ = {
			isa = XCBuildConfiguration;
			buildSettings = {
				ASSETCATALOG_COMPILER_APPICON_NAME = AppIcon;
				ASSETCATALOG_COMPILER_GLOBAL_ACCENT_COLOR_NAME = AccentColor;
				CODE_SIGN_ENTITLEMENTS = FirstProject/FirstProject.entitlements;
				CODE_SIGN_STYLE = Automatic;
				CURRENT_PROJECT_VERSION = 1;
				DEVELOPMENT_ASSET_PATHS = "\"FirstProject/Preview Content\"";
				DEVELOPMENT_TEAM = J7SRQB29P5;
				ENABLE_HARDENED_RUNTIME = YES;
				ENABLE_PREVIEWS = YES;
				GENERATE_INFOPLIST_FILE = YES;
				INFOPLIST_KEY_LSApplicationCategoryType = NSMicrophoneUsageDescription;
				INFOPLIST_KEY_NSMicrophoneUsageDescription = "This app needs access to microphone to convert text to speech.";
				INFOPLIST_KEY_NSSpeechRecognitionUsageDescription = "This app needs access to speech recognition to convert text to speech.";
				"INFOPLIST_KEY_UIApplicationSceneManifest_Generation[sdk=iphoneos*]" = YES;
				"INFOPLIST_KEY_UIApplicationSceneManifest_Generation[sdk=iphonesimulator*]" = YES;
				"INFOPLIST_KEY_UIApplicationSupportsIndirectInputEvents[sdk=iphoneos*]" = YES;
				"INFOPLIST_KEY_UIApplicationSupportsIndirectInputEvents[sdk=iphonesimulator*]" = YES;
				"INFOPLIST_KEY_UILaunchScreen_Generation[sdk=iphoneos*]" = YES;
				"INFOPLIST_KEY_UILaunchScreen_Generation[sdk=iphonesimulator*]" = YES;
				"INFOPLIST_KEY_UIStatusBarStyle[sdk=iphoneos*]" = UIStatusBarStyleDefault;
				"INFOPLIST_KEY_UIStatusBarStyle[sdk=iphonesimulator*]" = UIStatusBarStyleDefault;
				INFOPLIST_KEY_UISupportedInterfaceOrientations_iPad = "UIInterfaceOrientationPortrait UIInterfaceOrientationPortraitUpsideDown UIInterfaceOrientationLandscapeLeft UIInterfaceOrientationLandscapeRight";
				INFOPLIST_KEY_UISupportedInterfaceOrientations_iPhone = "UIInterfaceOrientationPortrait UIInterfaceOrientationLandscapeLeft UIInterfaceOrientationLandscapeRight";
				IPHONEOS_DEPLOYMENT_TARGET = 15.0;
				LD_RUNPATH_SEARCH_PATHS = "@executable_path/Frameworks";
				"LD_RUNPATH_SEARCH_PATHS[sdk=macosx*]" = "@executable_path/../Frameworks";
				MACOSX_DEPLOYMENT_TARGET = 14.4;
				MARKETING_VERSION = 1.0;
				PRODUCT_BUNDLE_IDENTIFIER = deepak.FirstProject;
				PRODUCT_NAME = "$(TARGET_NAME)";
				SDKROOT = auto;
				SUPPORTED_PLATFORMS = "iphoneos iphonesimulator macosx";
				SWIFT_EMIT_LOC_STRINGS = YES;
				SWIFT_VERSION = 5.0;
				TARGETED_DEVICE_FAMILY = "1,2";
			};
			name = Release;
		};
		A77EE6492BE8B08C009E2D9A /* Debug */ = {
			isa = XCBuildConfiguration;
			buildSettings = {
				ALWAYS_EMBED_SWIFT_STANDARD_LIBRARIES = YES;
				BUNDLE_LOADER = "$(TEST_HOST)";
				CODE_SIGN_STYLE = Automatic;
				CURRENT_PROJECT_VERSION = 1;
				DEVELOPMENT_TEAM = J7SRQB29P5;
				GENERATE_INFOPLIST_FILE = YES;
				IPHONEOS_DEPLOYMENT_TARGET = 17.4;
				MACOSX_DEPLOYMENT_TARGET = 14.4;
				MARKETING_VERSION = 1.0;
				PRODUCT_BUNDLE_IDENTIFIER = deepak.FirstProjectTests;
				PRODUCT_NAME = "$(TARGET_NAME)";
				SDKROOT = auto;
				SUPPORTED_PLATFORMS = "iphoneos iphonesimulator macosx";
				SWIFT_EMIT_LOC_STRINGS = NO;
				SWIFT_VERSION = 5.0;
				TARGETED_DEVICE_FAMILY = "1,2";
				TEST_HOST = "$(BUILT_PRODUCTS_DIR)/FirstProject.app/$(BUNDLE_EXECUTABLE_FOLDER_PATH)/FirstProject";
			};
			name = Debug;
		};
		A77EE64A2BE8B08C009E2D9A /* Release */ = {
			isa = XCBuildConfiguration;
			buildSettings = {
				ALWAYS_EMBED_SWIFT_STANDARD_LIBRARIES = YES;
				BUNDLE_LOADER = "$(TEST_HOST)";
				CODE_SIGN_STYLE = Automatic;
				CURRENT_PROJECT_VERSION = 1;
				DEVELOPMENT_TEAM = J7SRQB29P5;
				GENERATE_INFOPLIST_FILE = YES;
				IPHONEOS_DEPLOYMENT_TARGET = 17.4;
				MACOSX_DEPLOYMENT_TARGET = 14.4;
				MARKETING_VERSION = 1.0;
				PRODUCT_BUNDLE_IDENTIFIER = deepak.FirstProjectTests;
				PRODUCT_NAME = "$(TARGET_NAME)";
				SDKROOT = auto;
				SUPPORTED_PLATFORMS = "iphoneos iphonesimulator macosx";
				SWIFT_EMIT_LOC_STRINGS = NO;
				SWIFT_VERSION = 5.0;
				TARGETED_DEVICE_FAMILY = "1,2";
				TEST_HOST = "$(BUILT_PRODUCTS_DIR)/FirstProject.app/$(BUNDLE_EXECUTABLE_FOLDER_PATH)/FirstProject";
			};
			name = Release;
		};
		A77EE64C2BE8B08C009E2D9A /* Debug */ = {
			isa = XCBuildConfiguration;
			buildSettings = {
				ALWAYS_EMBED_SWIFT_STANDARD_LIBRARIES = YES;
				CODE_SIGN_STYLE = Automatic;
				CURRENT_PROJECT_VERSION = 1;
				DEVELOPMENT_TEAM = J7SRQB29P5;
				GENERATE_INFOPLIST_FILE = YES;
				IPHONEOS_DEPLOYMENT_TARGET = 17.4;
				MACOSX_DEPLOYMENT_TARGET = 14.4;
				MARKETING_VERSION = 1.0;
				PRODUCT_BUNDLE_IDENTIFIER = deepak.FirstProjectUITests;
				PRODUCT_NAME = "$(TARGET_NAME)";
				SDKROOT = auto;
				SUPPORTED_PLATFORMS = "iphoneos iphonesimulator macosx";
				SWIFT_EMIT_LOC_STRINGS = NO;
				SWIFT_VERSION = 5.0;
				TARGETED_DEVICE_FAMILY = "1,2";
				TEST_TARGET_NAME = FirstProject;
			};
			name = Debug;
		};
		A77EE64D2BE8B08C009E2D9A /* Release */ = {
			isa = XCBuildConfiguration;
			buildSettings = {
				ALWAYS_EMBED_SWIFT_STANDARD_LIBRARIES = YES;
				CODE_SIGN_STYLE = Automatic;
				CURRENT_PROJECT_VERSION = 1;
				DEVELOPMENT_TEAM = J7SRQB29P5;
				GENERATE_INFOPLIST_FILE = YES;
				IPHONEOS_DEPLOYMENT_TARGET = 17.4;
				MACOSX_DEPLOYMENT_TARGET = 14.4;
				MARKETING_VERSION = 1.0;
				PRODUCT_BUNDLE_IDENTIFIER = deepak.FirstProjectUITests;
				PRODUCT_NAME = "$(TARGET_NAME)";
				SDKROOT = auto;
				SUPPORTED_PLATFORMS = "iphoneos iphonesimulator macosx";
				SWIFT_EMIT_LOC_STRINGS = NO;
				SWIFT_VERSION = 5.0;
				TARGETED_DEVICE_FAMILY = "1,2";
				TEST_TARGET_NAME = FirstProject;
			};
			name = Release;
		};
/* End XCBuildConfiguration section */

/* Begin XCConfigurationList section */
		A77EE61B2BE8B089009E2D9A /* Build configuration list for PBXProject "FirstProject" */ = {
			isa = XCConfigurationList;
			buildConfigurations = (
				A77EE6432BE8B08C009E2D9A /* Debug */,
				A77EE6442BE8B08C009E2D9A /* Release */,
			);
			defaultConfigurationIsVisible = 0;
			defaultConfigurationName = Release;
		};
		A77EE6452BE8B08C009E2D9A /* Build configuration list for PBXNativeTarget "FirstProject" */ = {
			isa = XCConfigurationList;
			buildConfigurations = (
				A77EE6462BE8B08C009E2D9A /* Debug */,
				A77EE6472BE8B08C009E2D9A /* Release */,
			);
			defaultConfigurationIsVisible = 0;
			defaultConfigurationName = Release;
		};
		A77EE6482BE8B08C009E2D9A /* Build configuration list for PBXNativeTarget "FirstProjectTests" */ = {
			isa = XCConfigurationList;
			buildConfigurations = (
				A77EE6492BE8B08C009E2D9A /* Debug */,
				A77EE64A2BE8B08C009E2D9A /* Release */,
			);
			defaultConfigurationIsVisible = 0;
			defaultConfigurationName = Release;
		};
		A77EE64B2BE8B08C009E2D9A /* Build configuration list for PBXNativeTarget "FirstProjectUITests" */ = {
			isa = XCConfigurationList;
			buildConfigurations = (
				A77EE64C2BE8B08C009E2D9A /* Debug */,
				A77EE64D2BE8B08C009E2D9A /* Release */,
			);
			defaultConfigurationIsVisible = 0;
			defaultConfigurationName = Release;
		};
/* End XCConfigurationList section */
	};
	rootObject = A77EE6182BE8B089009E2D9A /* Project object */;
}
